// !$*UTF8*$!
{
	archiveVersion = 1;
	classes = {
	};
	objectVersion = 46;
	objects = {

/* Begin PBXBuildFile section */
		1F4D41BA1D79CF8700A06BC1 /* AppDelegate.swift in Sources */ = {isa = PBXBuildFile; fileRef = 1F4D41B91D79CF8700A06BC1 /* AppDelegate.swift */; };
		1F4D41BF1D79CF8700A06BC1 /* Main.storyboard in Resources */ = {isa = PBXBuildFile; fileRef = 1F4D41BD1D79CF8700A06BC1 /* Main.storyboard */; };
		1F4D41C11D79CF8700A06BC1 /* Assets.xcassets in Resources */ = {isa = PBXBuildFile; fileRef = 1F4D41C01D79CF8700A06BC1 /* Assets.xcassets */; };
		1F4D41C41D79CF8700A06BC1 /* LaunchScreen.storyboard in Resources */ = {isa = PBXBuildFile; fileRef = 1F4D41C21D79CF8700A06BC1 /* LaunchScreen.storyboard */; };
		1F4D41CC1D79D73F00A06BC1 /* SearchViewController.swift in Sources */ = {isa = PBXBuildFile; fileRef = 1F4D41CB1D79D73F00A06BC1 /* SearchViewController.swift */; };
		1F4D41CF1D79D9F900A06BC1 /* SearchItem.swift in Sources */ = {isa = PBXBuildFile; fileRef = 1F4D41CE1D79D9F900A06BC1 /* SearchItem.swift */; };
		1F4D41D11D79DA6100A06BC1 /* SearchModelController.swift in Sources */ = {isa = PBXBuildFile; fileRef = 1F4D41D01D79DA6100A06BC1 /* SearchModelController.swift */; };
/* End PBXBuildFile section */

/* Begin PBXFileReference section */
		1F4D41B61D79CF8700A06BC1 /* Sidefari.app */ = {isa = PBXFileReference; explicitFileType = wrapper.application; includeInIndex = 0; path = Sidefari.app; sourceTree = BUILT_PRODUCTS_DIR; };
		1F4D41B91D79CF8700A06BC1 /* AppDelegate.swift */ = {isa = PBXFileReference; lastKnownFileType = sourcecode.swift; path = AppDelegate.swift; sourceTree = "<group>"; };
		1F4D41BE1D79CF8700A06BC1 /* Base */ = {isa = PBXFileReference; lastKnownFileType = file.storyboard; name = Base; path = Base.lproj/Main.storyboard; sourceTree = "<group>"; };
		1F4D41C01D79CF8700A06BC1 /* Assets.xcassets */ = {isa = PBXFileReference; lastKnownFileType = folder.assetcatalog; path = Assets.xcassets; sourceTree = "<group>"; };
		1F4D41C31D79CF8700A06BC1 /* Base */ = {isa = PBXFileReference; lastKnownFileType = file.storyboard; name = Base; path = Base.lproj/LaunchScreen.storyboard; sourceTree = "<group>"; };
		1F4D41C51D79CF8700A06BC1 /* Info.plist */ = {isa = PBXFileReference; lastKnownFileType = text.plist.xml; path = Info.plist; sourceTree = "<group>"; };
		1F4D41CB1D79D73F00A06BC1 /* SearchViewController.swift */ = {isa = PBXFileReference; fileEncoding = 4; lastKnownFileType = sourcecode.swift; path = SearchViewController.swift; sourceTree = "<group>"; };
		1F4D41CE1D79D9F900A06BC1 /* SearchItem.swift */ = {isa = PBXFileReference; fileEncoding = 4; lastKnownFileType = sourcecode.swift; path = SearchItem.swift; sourceTree = "<group>"; };
		1F4D41D01D79DA6100A06BC1 /* SearchModelController.swift */ = {isa = PBXFileReference; fileEncoding = 4; lastKnownFileType = sourcecode.swift; path = SearchModelController.swift; sourceTree = "<group>"; };
/* End PBXFileReference section */

/* Begin PBXFrameworksBuildPhase section */
		1F4D41B31D79CF8700A06BC1 /* Frameworks */ = {
			isa = PBXFrameworksBuildPhase;
			buildActionMask = 2147483647;
			files = (
			);
			runOnlyForDeploymentPostprocessing = 0;
		};
/* End PBXFrameworksBuildPhase section */

/* Begin PBXGroup section */
		1F4D41AD1D79CF8700A06BC1 = {
			isa = PBXGroup;
			children = (
				1F4D41B81D79CF8700A06BC1 /* Sidefari */,
				1F4D41B71D79CF8700A06BC1 /* Products */,
			);
			sourceTree = "<group>";
		};
		1F4D41B71D79CF8700A06BC1 /* Products */ = {
			isa = PBXGroup;
			children = (
				1F4D41B61D79CF8700A06BC1 /* Sidefari.app */,
			);
			name = Products;
			sourceTree = "<group>";
		};
		1F4D41B81D79CF8700A06BC1 /* Sidefari */ = {
			isa = PBXGroup;
			children = (
				1F4D41B91D79CF8700A06BC1 /* AppDelegate.swift */,
				1F4D41D41D79DED400A06BC1 /* Model */,
				1F4D41D51D79E05400A06BC1 /* ModelController */,
				1F4D41CD1D79D74600A06BC1 /* ViewController */,
				1F4D41C01D79CF8700A06BC1 /* Assets.xcassets */,
				1F4D41C51D79CF8700A06BC1 /* Info.plist */,
				1F4D41C21D79CF8700A06BC1 /* LaunchScreen.storyboard */,
				1F4D41BD1D79CF8700A06BC1 /* Main.storyboard */,
			);
			path = Sidefari;
			sourceTree = "<group>";
		};
		1F4D41CD1D79D74600A06BC1 /* ViewController */ = {
			isa = PBXGroup;
			children = (
				1F4D41CB1D79D73F00A06BC1 /* SearchViewController.swift */,
			);
			name = ViewController;
			sourceTree = "<group>";
		};
		1F4D41D41D79DED400A06BC1 /* Model */ = {
			isa = PBXGroup;
			children = (
				1F4D41CE1D79D9F900A06BC1 /* SearchItem.swift */,
			);
			name = Model;
			sourceTree = "<group>";
		};
		1F4D41D51D79E05400A06BC1 /* ModelController */ = {
			isa = PBXGroup;
			children = (
				1F4D41D01D79DA6100A06BC1 /* SearchModelController.swift */,
			);
			name = ModelController;
			sourceTree = "<group>";
		};
/* End PBXGroup section */

/* Begin PBXNativeTarget section */
		1F4D41B51D79CF8700A06BC1 /* Sidefari */ = {
			isa = PBXNativeTarget;
			buildConfigurationList = 1F4D41C81D79CF8700A06BC1 /* Build configuration list for PBXNativeTarget "Sidefari" */;
			buildPhases = (
				1F4D41B21D79CF8700A06BC1 /* Sources */,
				1F4D41B31D79CF8700A06BC1 /* Frameworks */,
				1F4D41B41D79CF8700A06BC1 /* Resources */,
			);
			buildRules = (
			);
			dependencies = (
			);
			name = Sidefari;
			productName = Sidefari;
			productReference = 1F4D41B61D79CF8700A06BC1 /* Sidefari.app */;
			productType = "com.apple.product-type.application";
		};
/* End PBXNativeTarget section */

/* Begin PBXProject section */
		1F4D41AE1D79CF8700A06BC1 /* Project object */ = {
			isa = PBXProject;
			attributes = {
				LastSwiftUpdateCheck = 0730;
				LastUpgradeCheck = 0730;
				ORGANIZATIONNAME = JCN;
				TargetAttributes = {
					1F4D41B51D79CF8700A06BC1 = {
						CreatedOnToolsVersion = 7.3.1;
					};
				};
			};
			buildConfigurationList = 1F4D41B11D79CF8700A06BC1 /* Build configuration list for PBXProject "Sidefari" */;
			compatibilityVersion = "Xcode 3.2";
			developmentRegion = English;
			hasScannedForEncodings = 0;
			knownRegions = (
				en,
				Base,
			);
			mainGroup = 1F4D41AD1D79CF8700A06BC1;
			productRefGroup = 1F4D41B71D79CF8700A06BC1 /* Products */;
			projectDirPath = "";
			projectRoot = "";
			targets = (
				1F4D41B51D79CF8700A06BC1 /* Sidefari */,
			);
		};
/* End PBXProject section */

/* Begin PBXResourcesBuildPhase section */
		1F4D41B41D79CF8700A06BC1 /* Resources */ = {
			isa = PBXResourcesBuildPhase;
			buildActionMask = 2147483647;
			files = (
				1F4D41C41D79CF8700A06BC1 /* LaunchScreen.storyboard in Resources */,
				1F4D41C11D79CF8700A06BC1 /* Assets.xcassets in Resources */,
				1F4D41BF1D79CF8700A06BC1 /* Main.storyboard in Resources */,
			);
			runOnlyForDeploymentPostprocessing = 0;
		};
/* End PBXResourcesBuildPhase section */

/* Begin PBXSourcesBuildPhase section */
		1F4D41B21D79CF8700A06BC1 /* Sources */ = {
			isa = PBXSourcesBuildPhase;
			buildActionMask = 2147483647;
			files = (
				1F4D41CF1D79D9F900A06BC1 /* SearchItem.swift in Sources */,
				1F4D41D11D79DA6100A06BC1 /* SearchModelController.swift in Sources */,
				1F4D41CC1D79D73F00A06BC1 /* SearchViewController.swift in Sources */,
				1F4D41BA1D79CF8700A06BC1 /* AppDelegate.swift in Sources */,
			);
			runOnlyForDeploymentPostprocessing = 0;
		};
/* End PBXSourcesBuildPhase section */

/* Begin PBXVariantGroup section */
		1F4D41BD1D79CF8700A06BC1 /* Main.storyboard */ = {
			isa = PBXVariantGroup;
			children = (
				1F4D41BE1D79CF8700A06BC1 /* Base */,
			);
			name = Main.storyboard;
			sourceTree = "<group>";
		};
		1F4D41C21D79CF8700A06BC1 /* LaunchScreen.storyboard */ = {
			isa = PBXVariantGroup;
			children = (
				1F4D41C31D79CF8700A06BC1 /* Base */,
			);
			name = LaunchScreen.storyboard;
			sourceTree = "<group>";
		};
/* End PBXVariantGroup section */

/* Begin XCBuildConfiguration section */
		1F4D41C61D79CF8700A06BC1 /* Debug */ = {
			isa = XCBuildConfiguration;
			buildSettings = {
				ALWAYS_SEARCH_USER_PATHS = NO;
				CLANG_ANALYZER_NONNULL = YES;
				CLANG_CXX_LANGUAGE_STANDARD = "gnu++0x";
				CLANG_CXX_LIBRARY = "libc++";
				CLANG_ENABLE_MODULES = YES;
				CLANG_ENABLE_OBJC_ARC = YES;
				CLANG_WARN_BOOL_CONVERSION = YES;
				CLANG_WARN_CONSTANT_CONVERSION = YES;
				CLANG_WARN_DIRECT_OBJC_ISA_USAGE = YES_ERROR;
				CLANG_WARN_EMPTY_BODY = YES;
				CLANG_WARN_ENUM_CONVERSION = YES;
				CLANG_WARN_INT_CONVERSION = YES;
				CLANG_WARN_OBJC_ROOT_CLASS = YES_ERROR;
				CLANG_WARN_UNREACHABLE_CODE = YES;
				CLANG_WARN__DUPLICATE_METHOD_MATCH = YES;
				"CODE_SIGN_IDENTITY[sdk=iphoneos*]" = "iPhone Developer";
				COPY_PHASE_STRIP = NO;
				DEBUG_INFORMATION_FORMAT = dwarf;
				ENABLE_STRICT_OBJC_MSGSEND = YES;
				ENABLE_TESTABILITY = YES;
				GCC_C_LANGUAGE_STANDARD = gnu99;
				GCC_DYNAMIC_NO_PIC = NO;
				GCC_NO_COMMON_BLOCKS = YES;
				GCC_OPTIMIZATION_LEVEL = 0;
				GCC_PREPROCESSOR_DEFINITIONS = (
					"DEBUG=1",
					"$(inherited)",
				);
				GCC_WARN_64_TO_32_BIT_CONVERSION = YES;
				GCC_WARN_ABOUT_RETURN_TYPE = YES_ERROR;
				GCC_WARN_UNDECLARED_SELECTOR = YES;
				GCC_WARN_UNINITIALIZED_AUTOS = YES_AGGRESSIVE;
				GCC_WARN_UNUSED_FUNCTION = YES;
				GCC_WARN_UNUSED_VARIABLE = YES;
				IPHONEOS_DEPLOYMENT_TARGET = 9.3;
				MTL_ENABLE_DEBUG_INFO = YES;
				ONLY_ACTIVE_ARCH = YES;
				SDKROOT = iphoneos;
				SWIFT_OPTIMIZATION_LEVEL = "-Onone";
				TARGETED_DEVICE_FAMILY = "1,2";
			};
			name = Debug;
		};
		1F4D41C71D79CF8700A06BC1 /* Release */ = {
			isa = XCBuildConfiguration;
			buildSettings = {
				ALWAYS_SEARCH_USER_PATHS = NO;
				CLANG_ANALYZER_NONNULL = YES;
				CLANG_CXX_LANGUAGE_STANDARD = "gnu++0x";
				CLANG_CXX_LIBRARY = "libc++";
				CLANG_ENABLE_MODULES = YES;
				CLANG_ENABLE_OBJC_ARC = YES;
				CLANG_WARN_BOOL_CONVERSION = YES;
				CLANG_WARN_CONSTANT_CONVERSION = YES;
				CLANG_WARN_DIRECT_OBJC_ISA_USAGE = YES_ERROR;
				CLANG_WARN_EMPTY_BODY = YES;
				CLANG_WARN_ENUM_CONVERSION = YES;
				CLANG_WARN_INT_CONVERSION = YES;
				CLANG_WARN_OBJC_ROOT_CLASS = YES_ERROR;
				CLANG_WARN_UNREACHABLE_CODE = YES;
				CLANG_WARN__DUPLICATE_METHOD_MATCH = YES;
				"CODE_SIGN_IDENTITY[sdk=iphoneos*]" = "iPhone Developer";
				COPY_PHASE_STRIP = NO;
				DEBUG_INFORMATION_FORMAT = "dwarf-with-dsym";
				ENABLE_NS_ASSERTIONS = NO;
				ENABLE_STRICT_OBJC_MSGSEND = YES;
				GCC_C_LANGUAGE_STANDARD = gnu99;
				GCC_NO_COMMON_BLOCKS = YES;
				GCC_WARN_64_TO_32_BIT_CONVERSION = YES;
				GCC_WARN_ABOUT_RETURN_TYPE = YES_ERROR;
				GCC_WARN_UNDECLARED_SELECTOR = YES;
				GCC_WARN_UNINITIALIZED_AUTOS = YES_AGGRESSIVE;
				GCC_WARN_UNUSED_FUNCTION = YES;
				GCC_WARN_UNUSED_VARIABLE = YES;
				IPHONEOS_DEPLOYMENT_TARGET = 9.3;
				MTL_ENABLE_DEBUG_INFO = NO;
				SDKROOT = iphoneos;
				TARGETED_DEVICE_FAMILY = "1,2";
				VALIDATE_PRODUCT = YES;
			};
			name = Release;
		};
		1F4D41C91D79CF8700A06BC1 /* Debug */ = {
			isa = XCBuildConfiguration;
			buildSettings = {
				ASSETCATALOG_COMPILER_APPICON_NAME = AppIcon;
				INFOPLIST_FILE = Sidefari/Info.plist;
				LD_RUNPATH_SEARCH_PATHS = "$(inherited) @executable_path/Frameworks";
				PRODUCT_BUNDLE_IDENTIFIER = com.jcn.Sidefari;
				PRODUCT_NAME = "$(TARGET_NAME)";
			};
			name = Debug;
		};
		1F4D41CA1D79CF8700A06BC1 /* Release */ = {
			isa = XCBuildConfiguration;
			buildSettings = {
				ASSETCATALOG_COMPILER_APPICON_NAME = AppIcon;
				INFOPLIST_FILE = Sidefari/Info.plist;
				LD_RUNPATH_SEARCH_PATHS = "$(inherited) @executable_path/Frameworks";
				PRODUCT_BUNDLE_IDENTIFIER = com.jcn.Sidefari;
				PRODUCT_NAME = "$(TARGET_NAME)";
			};
			name = Release;
		};
/* End XCBuildConfiguration section */

/* Begin XCConfigurationList section */
		1F4D41B11D79CF8700A06BC1 /* Build configuration list for PBXProject "Sidefari" */ = {
			isa = XCConfigurationList;
			buildConfigurations = (
				1F4D41C61D79CF8700A06BC1 /* Debug */,
				1F4D41C71D79CF8700A06BC1 /* Release */,
			);
			defaultConfigurationIsVisible = 0;
			defaultConfigurationName = Release;
		};
		1F4D41C81D79CF8700A06BC1 /* Build configuration list for PBXNativeTarget "Sidefari" */ = {
			isa = XCConfigurationList;
			buildConfigurations = (
				1F4D41C91D79CF8700A06BC1 /* Debug */,
				1F4D41CA1D79CF8700A06BC1 /* Release */,
			);
			defaultConfigurationIsVisible = 0;
		};
/* End XCConfigurationList section */
	};
	rootObject = 1F4D41AE1D79CF8700A06BC1 /* Project object */;
}
